
Microsoft Visual Studio Solution File, Format Version 12.00
# Visual Studio Version 16
VisualStudioVersion = 16.0.30907.101
MinimumVisualStudioVersion = 10.0.40219.1
Project("{FAE04EC0-301F-11D3-BF4B-00C04F79EFBC}") = "AcademyPortal", "AcademyPortal\AcademyPortal.csproj", "{3AA91EA0-BC1A-4009-9052-2C4E971C24A0}"
EndProject
Project("{FAE04EC0-301F-11D3-BF4B-00C04F79EFBC}") = "AcademyPortalBoLayer", "AcademyPortalBoLayer\AcademyPortalBoLayer.csproj", "{0BB9CF81-2A33-4895-B5A3-D1BED19CC952}"
EndProject
Project("{FAE04EC0-301F-11D3-BF4B-00C04F79EFBC}") = "AcademyPortalBlLayer", "AcademyPortalBlLayer\AcademyPortalBlLayer.csproj", "{6A66FC5E-5ADA-419F-970E-C95919DB5913}"
EndProject
Project("{FAE04EC0-301F-11D3-BF4B-00C04F79EFBC}") = "AcademyPortalDaLayer", "AcademyPortalDaLayer\AcademyPortalDaLayer.csproj", "{DB4B6C0B-35BF-4369-ABF2-F7AA8E3C3BB2}"
EndProject
Global
	GlobalSection(SolutionConfigurationPlatforms) = preSolution
		Debug|Any CPU = Debug|Any CPU
		Release|Any CPU = Release|Any CPU
	EndGlobalSection
	GlobalSection(ProjectConfigurationPlatforms) = postSolution
		{3AA91EA0-BC1A-4009-9052-2C4E971C24A0}.Debug|Any CPU.ActiveCfg = Debug|Any CPU
		{3AA91EA0-BC1A-4009-9052-2C4E971C24A0}.Debug|Any CPU.Build.0 = Debug|Any CPU
		{3AA91EA0-BC1A-4009-9052-2C4E971C24A0}.Release|Any CPU.ActiveCfg = Release|Any CPU
		{3AA91EA0-BC1A-4009-9052-2C4E971C24A0}.Release|Any CPU.Build.0 = Release|Any CPU
		{0BB9CF81-2A33-4895-B5A3-D1BED19CC952}.Debug|Any CPU.ActiveCfg = Debug|Any CPU
		{0BB9CF81-2A33-4895-B5A3-D1BED19CC952}.Debug|Any CPU.Build.0 = Debug|Any CPU
		{0BB9CF81-2A33-4895-B5A3-D1BED19CC952}.Release|Any CPU.ActiveCfg = Release|Any CPU
		{0BB9CF81-2A33-4895-B5A3-D1BED19CC952}.Release|Any CPU.Build.0 = Release|Any CPU
		{6A66FC5E-5ADA-419F-970E-C95919DB5913}.Debug|Any CPU.ActiveCfg = Debug|Any CPU
		{6A66FC5E-5ADA-419F-970E-C95919DB5913}.Debug|Any CPU.Build.0 = Debug|Any CPU
		{6A66FC5E-5ADA-419F-970E-C95919DB5913}.Release|Any CPU.ActiveCfg = Release|Any CPU
		{6A66FC5E-5ADA-419F-970E-C95919DB5913}.Release|Any CPU.Build.0 = Release|Any CPU
		{DB4B6C0B-35BF-4369-ABF2-F7AA8E3C3BB2}.Debug|Any CPU.ActiveCfg = Debug|Any CPU
		{DB4B6C0B-35BF-4369-ABF2-F7AA8E3C3BB2}.Debug|Any CPU.Build.0 = Debug|Any CPU
		{DB4B6C0B-35BF-4369-ABF2-F7AA8E3C3BB2}.Release|Any CPU.ActiveCfg = Release|Any CPU
		{DB4B6C0B-35BF-4369-ABF2-F7AA8E3C3BB2}.Release|Any CPU.Build.0 = Release|Any CPU
	EndGlobalSection
	GlobalSection(SolutionProperties) = preSolution
		HideSolutionNode = FALSE
	EndGlobalSection
	GlobalSection(ExtensibilityGlobals) = postSolution
		SolutionGuid = {C53F6508-ADF9-4526-B896-D4E53EA8390D}
	EndGlobalSection
EndGlobal
